
Microsoft Visual Studio Solution File, Format Version 12.00
# Visual Studio Version 17
VisualStudioVersion = 17.7.34221.43
MinimumVisualStudioVersion = 10.0.40219.1
Project("{9A19103F-16F7-4668-BE54-9A1E7A4F7556}") = "LT.api", "LT.api\LT.api.csproj", "{4DBF42CD-BA93-4F62-8649-713D1CC5153D}"
EndProject
Project("{9A19103F-16F7-4668-BE54-9A1E7A4F7556}") = "LT.model", "LT.model\LT.model.csproj", "{D00C977C-370F-4809-B739-9E105B69F99A}"
EndProject
Project("{9A19103F-16F7-4668-BE54-9A1E7A4F7556}") = "LT.domain", "LT.core\LT.domain.csproj", "{BBD46A01-9EF9-44ED-996A-A0FA9022290D}"
EndProject
Project("{9A19103F-16F7-4668-BE54-9A1E7A4F7556}") = "LT.infrastructure", "LT.dal\LT.infrastructure.csproj", "{910DEEA1-EB77-4347-8884-80D9E4D183EC}"
EndProject
Project("{2150E333-8FDC-42A3-9474-1A3956D46DE8}") = "Src", "Src", "{DF4DF0EA-CA1E-4449-8223-80E2733BA22F}"
EndProject
Project("{2150E333-8FDC-42A3-9474-1A3956D46DE8}") = "Test", "Test", "{3FF6FEC1-7305-4682-9A54-E71DEF252647}"
EndProject
Project("{9A19103F-16F7-4668-BE54-9A1E7A4F7556}") = "LT.Integration.Test", "LT.Integration.Test\LT.Integration.Test.csproj", "{FA52E91F-1C1A-4B3E-B657-13F616BC7501}"
EndProject
Project("{9A19103F-16F7-4668-BE54-9A1E7A4F7556}") = "Identity.api", "Identity.api\Identity.api.csproj", "{22043F14-5E9B-43A2-B345-9F55A1CBDB9D}"
EndProject
Project("{2150E333-8FDC-42A3-9474-1A3956D46DE8}") = "Integration", "Integration", "{DAE7A545-683D-491F-9206-EB1036F5D493}"
EndProject
Project("{9A19103F-16F7-4668-BE54-9A1E7A4F7556}") = "LT.messageBus", "LT.messageBus\LT.messageBus.csproj", "{20F9664B-8971-4C30-98EE-ADF6D9CD10D6}"
EndProject
Project("{FAE04EC0-301F-11D3-BF4B-00C04F79EFBC}") = "LT.Application.Unit.Test", "LT.Infrastructure.Unit.Test\LT.Application.Unit.Test.csproj", "{26B8D4CF-9065-4198-9BD4-28FB8146353E}"
EndProject
Global
	GlobalSection(SolutionConfigurationPlatforms) = preSolution
		Debug|Any CPU = Debug|Any CPU
		Release|Any CPU = Release|Any CPU
	EndGlobalSection
	GlobalSection(ProjectConfigurationPlatforms) = postSolution
		{4DBF42CD-BA93-4F62-8649-713D1CC5153D}.Debug|Any CPU.ActiveCfg = Debug|Any CPU
		{4DBF42CD-BA93-4F62-8649-713D1CC5153D}.Debug|Any CPU.Build.0 = Debug|Any CPU
		{4DBF42CD-BA93-4F62-8649-713D1CC5153D}.Release|Any CPU.ActiveCfg = Release|Any CPU
		{4DBF42CD-BA93-4F62-8649-713D1CC5153D}.Release|Any CPU.Build.0 = Release|Any CPU
		{D00C977C-370F-4809-B739-9E105B69F99A}.Debug|Any CPU.ActiveCfg = Debug|Any CPU
		{D00C977C-370F-4809-B739-9E105B69F99A}.Debug|Any CPU.Build.0 = Debug|Any CPU
		{D00C977C-370F-4809-B739-9E105B69F99A}.Release|Any CPU.ActiveCfg = Release|Any CPU
		{D00C977C-370F-4809-B739-9E105B69F99A}.Release|Any CPU.Build.0 = Release|Any CPU
		{BBD46A01-9EF9-44ED-996A-A0FA9022290D}.Debug|Any CPU.ActiveCfg = Debug|Any CPU
		{BBD46A01-9EF9-44ED-996A-A0FA9022290D}.Debug|Any CPU.Build.0 = Debug|Any CPU
		{BBD46A01-9EF9-44ED-996A-A0FA9022290D}.Release|Any CPU.ActiveCfg = Release|Any CPU
		{BBD46A01-9EF9-44ED-996A-A0FA9022290D}.Release|Any CPU.Build.0 = Release|Any CPU
		{910DEEA1-EB77-4347-8884-80D9E4D183EC}.Debug|Any CPU.ActiveCfg = Debug|Any CPU
		{910DEEA1-EB77-4347-8884-80D9E4D183EC}.Debug|Any CPU.Build.0 = Debug|Any CPU
		{910DEEA1-EB77-4347-8884-80D9E4D183EC}.Release|Any CPU.ActiveCfg = Release|Any CPU
		{910DEEA1-EB77-4347-8884-80D9E4D183EC}.Release|Any CPU.Build.0 = Release|Any CPU
		{FA52E91F-1C1A-4B3E-B657-13F616BC7501}.Debug|Any CPU.ActiveCfg = Debug|Any CPU
		{FA52E91F-1C1A-4B3E-B657-13F616BC7501}.Debug|Any CPU.Build.0 = Debug|Any CPU
		{FA52E91F-1C1A-4B3E-B657-13F616BC7501}.Release|Any CPU.ActiveCfg = Release|Any CPU
		{FA52E91F-1C1A-4B3E-B657-13F616BC7501}.Release|Any CPU.Build.0 = Release|Any CPU
		{22043F14-5E9B-43A2-B345-9F55A1CBDB9D}.Debug|Any CPU.ActiveCfg = Debug|Any CPU
		{22043F14-5E9B-43A2-B345-9F55A1CBDB9D}.Debug|Any CPU.Build.0 = Debug|Any CPU
		{22043F14-5E9B-43A2-B345-9F55A1CBDB9D}.Release|Any CPU.ActiveCfg = Release|Any CPU
		{22043F14-5E9B-43A2-B345-9F55A1CBDB9D}.Release|Any CPU.Build.0 = Release|Any CPU
		{20F9664B-8971-4C30-98EE-ADF6D9CD10D6}.Debug|Any CPU.ActiveCfg = Debug|Any CPU
		{20F9664B-8971-4C30-98EE-ADF6D9CD10D6}.Debug|Any CPU.Build.0 = Debug|Any CPU
		{20F9664B-8971-4C30-98EE-ADF6D9CD10D6}.Release|Any CPU.ActiveCfg = Release|Any CPU
		{20F9664B-8971-4C30-98EE-ADF6D9CD10D6}.Release|Any CPU.Build.0 = Release|Any CPU
		{26B8D4CF-9065-4198-9BD4-28FB8146353E}.Debug|Any CPU.ActiveCfg = Debug|Any CPU
		{26B8D4CF-9065-4198-9BD4-28FB8146353E}.Debug|Any CPU.Build.0 = Debug|Any CPU
		{26B8D4CF-9065-4198-9BD4-28FB8146353E}.Release|Any CPU.ActiveCfg = Release|Any CPU
		{26B8D4CF-9065-4198-9BD4-28FB8146353E}.Release|Any CPU.Build.0 = Release|Any CPU
	EndGlobalSection
	GlobalSection(SolutionProperties) = preSolution
		HideSolutionNode = FALSE
	EndGlobalSection
	GlobalSection(NestedProjects) = preSolution
		{4DBF42CD-BA93-4F62-8649-713D1CC5153D} = {DF4DF0EA-CA1E-4449-8223-80E2733BA22F}
		{D00C977C-370F-4809-B739-9E105B69F99A} = {DF4DF0EA-CA1E-4449-8223-80E2733BA22F}
		{BBD46A01-9EF9-44ED-996A-A0FA9022290D} = {DF4DF0EA-CA1E-4449-8223-80E2733BA22F}
		{910DEEA1-EB77-4347-8884-80D9E4D183EC} = {DF4DF0EA-CA1E-4449-8223-80E2733BA22F}
		{FA52E91F-1C1A-4B3E-B657-13F616BC7501} = {3FF6FEC1-7305-4682-9A54-E71DEF252647}
		{22043F14-5E9B-43A2-B345-9F55A1CBDB9D} = {DF4DF0EA-CA1E-4449-8223-80E2733BA22F}
		{20F9664B-8971-4C30-98EE-ADF6D9CD10D6} = {DAE7A545-683D-491F-9206-EB1036F5D493}
		{26B8D4CF-9065-4198-9BD4-28FB8146353E} = {3FF6FEC1-7305-4682-9A54-E71DEF252647}
	EndGlobalSection
	GlobalSection(ExtensibilityGlobals) = postSolution
		SolutionGuid = {C68E94B8-13A7-4E48-87EE-D7A4C7E933E1}
	EndGlobalSection
EndGlobal
