
Microsoft Visual Studio Solution File, Format Version 12.00
# Visual Studio Version 17
VisualStudioVersion = 17.7.34221.43
MinimumVisualStudioVersion = 10.0.40219.1
Project("{9A19103F-16F7-4668-BE54-9A1E7A4F7556}") = "LT.api", "LT.api\LT.api.csproj", "{4DBF42CD-BA93-4F62-8649-713D1CC5153D}"
EndProject
Project("{9A19103F-16F7-4668-BE54-9A1E7A4F7556}") = "LT.model", "LT.model\LT.model.csproj", "{D00C977C-370F-4809-B739-9E105B69F99A}"
EndProject
Project("{9A19103F-16F7-4668-BE54-9A1E7A4F7556}") = "LT.core", "LT.core\LT.core.csproj", "{BBD46A01-9EF9-44ED-996A-A0FA9022290D}"
EndProject
Project("{9A19103F-16F7-4668-BE54-9A1E7A4F7556}") = "LT.dal", "LT.dal\LT.dal.csproj", "{910DEEA1-EB77-4347-8884-80D9E4D183EC}"
EndProject
Project("{00D1A9C2-B5F0-4AF3-8072-F6C62B433612}") = "LT.db", "LT.db\LT.db.sqlproj", "{E6B8797A-6802-4F27-8093-4F2BC849299B}"
EndProject
Global
	GlobalSection(SolutionConfigurationPlatforms) = preSolution
		Debug|Any CPU = Debug|Any CPU
		Release|Any CPU = Release|Any CPU
	EndGlobalSection
	GlobalSection(ProjectConfigurationPlatforms) = postSolution
		{4DBF42CD-BA93-4F62-8649-713D1CC5153D}.Debug|Any CPU.ActiveCfg = Debug|Any CPU
		{4DBF42CD-BA93-4F62-8649-713D1CC5153D}.Debug|Any CPU.Build.0 = Debug|Any CPU
		{4DBF42CD-BA93-4F62-8649-713D1CC5153D}.Release|Any CPU.ActiveCfg = Release|Any CPU
		{4DBF42CD-BA93-4F62-8649-713D1CC5153D}.Release|Any CPU.Build.0 = Release|Any CPU
		{D00C977C-370F-4809-B739-9E105B69F99A}.Debug|Any CPU.ActiveCfg = Debug|Any CPU
		{D00C977C-370F-4809-B739-9E105B69F99A}.Debug|Any CPU.Build.0 = Debug|Any CPU
		{D00C977C-370F-4809-B739-9E105B69F99A}.Release|Any CPU.ActiveCfg = Release|Any CPU
		{D00C977C-370F-4809-B739-9E105B69F99A}.Release|Any CPU.Build.0 = Release|Any CPU
		{BBD46A01-9EF9-44ED-996A-A0FA9022290D}.Debug|Any CPU.ActiveCfg = Debug|Any CPU
		{BBD46A01-9EF9-44ED-996A-A0FA9022290D}.Debug|Any CPU.Build.0 = Debug|Any CPU
		{BBD46A01-9EF9-44ED-996A-A0FA9022290D}.Release|Any CPU.ActiveCfg = Release|Any CPU
		{BBD46A01-9EF9-44ED-996A-A0FA9022290D}.Release|Any CPU.Build.0 = Release|Any CPU
		{910DEEA1-EB77-4347-8884-80D9E4D183EC}.Debug|Any CPU.ActiveCfg = Debug|Any CPU
		{910DEEA1-EB77-4347-8884-80D9E4D183EC}.Debug|Any CPU.Build.0 = Debug|Any CPU
		{910DEEA1-EB77-4347-8884-80D9E4D183EC}.Release|Any CPU.ActiveCfg = Release|Any CPU
		{910DEEA1-EB77-4347-8884-80D9E4D183EC}.Release|Any CPU.Build.0 = Release|Any CPU
		{E6B8797A-6802-4F27-8093-4F2BC849299B}.Debug|Any CPU.ActiveCfg = Debug|Any CPU
		{E6B8797A-6802-4F27-8093-4F2BC849299B}.Debug|Any CPU.Build.0 = Debug|Any CPU
		{E6B8797A-6802-4F27-8093-4F2BC849299B}.Debug|Any CPU.Deploy.0 = Debug|Any CPU
		{E6B8797A-6802-4F27-8093-4F2BC849299B}.Release|Any CPU.ActiveCfg = Release|Any CPU
		{E6B8797A-6802-4F27-8093-4F2BC849299B}.Release|Any CPU.Build.0 = Release|Any CPU
		{E6B8797A-6802-4F27-8093-4F2BC849299B}.Release|Any CPU.Deploy.0 = Release|Any CPU
	EndGlobalSection
	GlobalSection(SolutionProperties) = preSolution
		HideSolutionNode = FALSE
	EndGlobalSection
	GlobalSection(ExtensibilityGlobals) = postSolution
		SolutionGuid = {C68E94B8-13A7-4E48-87EE-D7A4C7E933E1}
	EndGlobalSection
EndGlobal
